
Microsoft Visual Studio Solution File, Format Version 12.00
# Visual Studio Version 16
VisualStudioVersion = 16.0.31205.134
MinimumVisualStudioVersion = 10.0.40219.1
Project("{9A19103F-16F7-4668-BE54-9A1E7A4F7556}") = "APIWebPoc", "WebApplication1\APIWebPoc.csproj", "{FC321823-3B33-4439-B669-CC2B7B7BE967}"
EndProject
Project("{FAE04EC0-301F-11D3-BF4B-00C04F79EFBC}") = "Repository", "Repository\Repository.csproj", "{AE65944F-6A1B-4C8D-B784-AB140D8D329B}"
EndProject
Global
	GlobalSection(SolutionConfigurationPlatforms) = preSolution
		Debug|Any CPU = Debug|Any CPU
		Release|Any CPU = Release|Any CPU
	EndGlobalSection
	GlobalSection(ProjectConfigurationPlatforms) = postSolution
		{FC321823-3B33-4439-B669-CC2B7B7BE967}.Debug|Any CPU.ActiveCfg = Debug|Any CPU
		{FC321823-3B33-4439-B669-CC2B7B7BE967}.Debug|Any CPU.Build.0 = Debug|Any CPU
		{FC321823-3B33-4439-B669-CC2B7B7BE967}.Release|Any CPU.ActiveCfg = Release|Any CPU
		{FC321823-3B33-4439-B669-CC2B7B7BE967}.Release|Any CPU.Build.0 = Release|Any CPU
		{AE65944F-6A1B-4C8D-B784-AB140D8D329B}.Debug|Any CPU.ActiveCfg = Debug|Any CPU
		{AE65944F-6A1B-4C8D-B784-AB140D8D329B}.Debug|Any CPU.Build.0 = Debug|Any CPU
		{AE65944F-6A1B-4C8D-B784-AB140D8D329B}.Release|Any CPU.ActiveCfg = Release|Any CPU
		{AE65944F-6A1B-4C8D-B784-AB140D8D329B}.Release|Any CPU.Build.0 = Release|Any CPU
	EndGlobalSection
	GlobalSection(SolutionProperties) = preSolution
		HideSolutionNode = FALSE
	EndGlobalSection
	GlobalSection(ExtensibilityGlobals) = postSolution
		SolutionGuid = {98B4B71B-0ABC-42EC-8CB0-BD6096E74F37}
	EndGlobalSection
EndGlobal
